
Microsoft Visual Studio Solution File, Format Version 12.00
# Visual Studio Version 16
VisualStudioVersion = 16.0.30711.63
MinimumVisualStudioVersion = 10.0.40219.1
Project("{FAE04EC0-301F-11D3-BF4B-00C04F79EFBC}") = "pr4_2", "pr4_2.csproj", "{5BF927BD-7A07-4D2D-9D49-BA30EEC0C7F2}"
EndProject
Global
	GlobalSection(SolutionConfigurationPlatforms) = preSolution
		Debug|Any CPU = Debug|Any CPU
		Release|Any CPU = Release|Any CPU
	EndGlobalSection
	GlobalSection(ProjectConfigurationPlatforms) = postSolution
		{5BF927BD-7A07-4D2D-9D49-BA30EEC0C7F2}.Debug|Any CPU.ActiveCfg = Debug|Any CPU
		{5BF927BD-7A07-4D2D-9D49-BA30EEC0C7F2}.Debug|Any CPU.Build.0 = Debug|Any CPU
		{5BF927BD-7A07-4D2D-9D49-BA30EEC0C7F2}.Release|Any CPU.ActiveCfg = Release|Any CPU
		{5BF927BD-7A07-4D2D-9D49-BA30EEC0C7F2}.Release|Any CPU.Build.0 = Release|Any CPU
	EndGlobalSection
	GlobalSection(SolutionProperties) = preSolution
		HideSolutionNode = FALSE
	EndGlobalSection
	GlobalSection(ExtensibilityGlobals) = postSolution
		SolutionGuid = {729CFC0D-E77B-4BCC-86A8-4F5257E837A4}
	EndGlobalSection
EndGlobal
